// !$*UTF8*$!
{
	archiveVersion = 1;
	classes = {
	};
	objectVersion = 50;
	objects = {

/* Begin PBXBuildFile section */
		081E0A282137464A000B483D /* AppDelegate.swift in Sources */ = {isa = PBXBuildFile; fileRef = 081E0A272137464A000B483D /* AppDelegate.swift */; };
		081E0A2D2137464B000B483D /* Main.storyboard in Resources */ = {isa = PBXBuildFile; fileRef = 081E0A2B2137464B000B483D /* Main.storyboard */; };
		081E0A302137464B000B483D /* Documents.xcdatamodeld in Sources */ = {isa = PBXBuildFile; fileRef = 081E0A2E2137464B000B483D /* Documents.xcdatamodeld */; };
		081E0A322137464C000B483D /* Assets.xcassets in Resources */ = {isa = PBXBuildFile; fileRef = 081E0A312137464C000B483D /* Assets.xcassets */; };
		081E0A352137464C000B483D /* LaunchScreen.storyboard in Resources */ = {isa = PBXBuildFile; fileRef = 081E0A332137464C000B483D /* LaunchScreen.storyboard */; };
		081E0A402137464C000B483D /* DocumentsTests.swift in Sources */ = {isa = PBXBuildFile; fileRef = 081E0A3F2137464C000B483D /* DocumentsTests.swift */; };
		081E0A4B2137464C000B483D /* DocumentsUITests.swift in Sources */ = {isa = PBXBuildFile; fileRef = 081E0A4A2137464C000B483D /* DocumentsUITests.swift */; };
		081E0A5A213746D8000B483D /* Documents+CoreDataClass.swift in Sources */ = {isa = PBXBuildFile; fileRef = 081E0A58213746D8000B483D /* Documents+CoreDataClass.swift */; };
		081E0A5B213746D8000B483D /* Documents+CoreDataProperties.swift in Sources */ = {isa = PBXBuildFile; fileRef = 081E0A59213746D8000B483D /* Documents+CoreDataProperties.swift */; };
		081E0A5D21374748000B483D /* DocumentsViewController.swift in Sources */ = {isa = PBXBuildFile; fileRef = 081E0A5C21374748000B483D /* DocumentsViewController.swift */; };
		081E0A5F21374758000B483D /* SingleDocumentViewController.swift in Sources */ = {isa = PBXBuildFile; fileRef = 081E0A5E21374758000B483D /* SingleDocumentViewController.swift */; };
/* End PBXBuildFile section */

/* Begin PBXContainerItemProxy section */
		081E0A3C2137464C000B483D /* PBXContainerItemProxy */ = {
			isa = PBXContainerItemProxy;
			containerPortal = 081E0A1C2137464A000B483D /* Project object */;
			proxyType = 1;
			remoteGlobalIDString = 081E0A232137464A000B483D;
			remoteInfo = Documents;
		};
		081E0A472137464C000B483D /* PBXContainerItemProxy */ = {
			isa = PBXContainerItemProxy;
			containerPortal = 081E0A1C2137464A000B483D /* Project object */;
			proxyType = 1;
			remoteGlobalIDString = 081E0A232137464A000B483D;
			remoteInfo = Documents;
		};
/* End PBXContainerItemProxy section */

/* Begin PBXFileReference section */
		081E0A242137464A000B483D /* DocumentsCoreData.app */ = {isa = PBXFileReference; explicitFileType = wrapper.application; includeInIndex = 0; path = DocumentsCoreData.app; sourceTree = BUILT_PRODUCTS_DIR; };
		081E0A272137464A000B483D /* AppDelegate.swift */ = {isa = PBXFileReference; lastKnownFileType = sourcecode.swift; path = AppDelegate.swift; sourceTree = "<group>"; };
		081E0A2C2137464B000B483D /* Base */ = {isa = PBXFileReference; lastKnownFileType = file.storyboard; name = Base; path = Base.lproj/Main.storyboard; sourceTree = "<group>"; };
		081E0A2F2137464B000B483D /* Documents.xcdatamodel */ = {isa = PBXFileReference; lastKnownFileType = wrapper.xcdatamodel; path = Documents.xcdatamodel; sourceTree = "<group>"; };
		081E0A312137464C000B483D /* Assets.xcassets */ = {isa = PBXFileReference; lastKnownFileType = folder.assetcatalog; path = Assets.xcassets; sourceTree = "<group>"; };
		081E0A342137464C000B483D /* Base */ = {isa = PBXFileReference; lastKnownFileType = file.storyboard; name = Base; path = Base.lproj/LaunchScreen.storyboard; sourceTree = "<group>"; };
		081E0A362137464C000B483D /* Info.plist */ = {isa = PBXFileReference; lastKnownFileType = text.plist.xml; path = Info.plist; sourceTree = "<group>"; };
		081E0A3B2137464C000B483D /* DocumentsCoreDataTests.xctest */ = {isa = PBXFileReference; explicitFileType = wrapper.cfbundle; includeInIndex = 0; path = DocumentsCoreDataTests.xctest; sourceTree = BUILT_PRODUCTS_DIR; };
		081E0A3F2137464C000B483D /* DocumentsTests.swift */ = {isa = PBXFileReference; lastKnownFileType = sourcecode.swift; path = DocumentsTests.swift; sourceTree = "<group>"; };
		081E0A412137464C000B483D /* Info.plist */ = {isa = PBXFileReference; lastKnownFileType = text.plist.xml; path = Info.plist; sourceTree = "<group>"; };
		081E0A462137464C000B483D /* DocumentsCoreDataUITests.xctest */ = {isa = PBXFileReference; explicitFileType = wrapper.cfbundle; includeInIndex = 0; path = DocumentsCoreDataUITests.xctest; sourceTree = BUILT_PRODUCTS_DIR; };
		081E0A4A2137464C000B483D /* DocumentsUITests.swift */ = {isa = PBXFileReference; lastKnownFileType = sourcecode.swift; path = DocumentsUITests.swift; sourceTree = "<group>"; };
		081E0A4C2137464C000B483D /* Info.plist */ = {isa = PBXFileReference; lastKnownFileType = text.plist.xml; path = Info.plist; sourceTree = "<group>"; };
		081E0A58213746D8000B483D /* Documents+CoreDataClass.swift */ = {isa = PBXFileReference; lastKnownFileType = sourcecode.swift; path = "Documents+CoreDataClass.swift"; sourceTree = "<group>"; };
		081E0A59213746D8000B483D /* Documents+CoreDataProperties.swift */ = {isa = PBXFileReference; lastKnownFileType = sourcecode.swift; path = "Documents+CoreDataProperties.swift"; sourceTree = "<group>"; };
		081E0A5C21374748000B483D /* DocumentsViewController.swift */ = {isa = PBXFileReference; lastKnownFileType = sourcecode.swift; path = DocumentsViewController.swift; sourceTree = "<group>"; };
		081E0A5E21374758000B483D /* SingleDocumentViewController.swift */ = {isa = PBXFileReference; lastKnownFileType = sourcecode.swift; path = SingleDocumentViewController.swift; sourceTree = "<group>"; };
/* End PBXFileReference section */

/* Begin PBXFrameworksBuildPhase section */
		081E0A212137464A000B483D /* Frameworks */ = {
			isa = PBXFrameworksBuildPhase;
			buildActionMask = 2147483647;
			files = (
			);
			runOnlyForDeploymentPostprocessing = 0;
		};
		081E0A382137464C000B483D /* Frameworks */ = {
			isa = PBXFrameworksBuildPhase;
			buildActionMask = 2147483647;
			files = (
			);
			runOnlyForDeploymentPostprocessing = 0;
		};
		081E0A432137464C000B483D /* Frameworks */ = {
			isa = PBXFrameworksBuildPhase;
			buildActionMask = 2147483647;
			files = (
			);
			runOnlyForDeploymentPostprocessing = 0;
		};
/* End PBXFrameworksBuildPhase section */

/* Begin PBXGroup section */
		081E0A1B2137464A000B483D = {
			isa = PBXGroup;
			children = (
				081E0A262137464A000B483D /* Documents */,
				081E0A3E2137464C000B483D /* DocumentsTests */,
				081E0A492137464C000B483D /* DocumentsUITests */,
				081E0A252137464A000B483D /* Products */,
			);
			sourceTree = "<group>";
		};
		081E0A252137464A000B483D /* Products */ = {
			isa = PBXGroup;
			children = (
				081E0A242137464A000B483D /* DocumentsCoreData.app */,
				081E0A3B2137464C000B483D /* DocumentsCoreDataTests.xctest */,
				081E0A462137464C000B483D /* DocumentsCoreDataUITests.xctest */,
			);
			name = Products;
			sourceTree = "<group>";
		};
		081E0A262137464A000B483D /* Documents */ = {
			isa = PBXGroup;
			children = (
				081E0A58213746D8000B483D /* Documents+CoreDataClass.swift */,
				081E0A59213746D8000B483D /* Documents+CoreDataProperties.swift */,
				081E0A5E21374758000B483D /* SingleDocumentViewController.swift */,
				081E0A5C21374748000B483D /* DocumentsViewController.swift */,
				081E0A272137464A000B483D /* AppDelegate.swift */,
				081E0A2B2137464B000B483D /* Main.storyboard */,
				081E0A312137464C000B483D /* Assets.xcassets */,
				081E0A332137464C000B483D /* LaunchScreen.storyboard */,
				081E0A362137464C000B483D /* Info.plist */,
				081E0A2E2137464B000B483D /* Documents.xcdatamodeld */,
			);
			path = Documents;
			sourceTree = "<group>";
		};
		081E0A3E2137464C000B483D /* DocumentsTests */ = {
			isa = PBXGroup;
			children = (
				081E0A3F2137464C000B483D /* DocumentsTests.swift */,
				081E0A412137464C000B483D /* Info.plist */,
			);
			path = DocumentsTests;
			sourceTree = "<group>";
		};
		081E0A492137464C000B483D /* DocumentsUITests */ = {
			isa = PBXGroup;
			children = (
				081E0A4A2137464C000B483D /* DocumentsUITests.swift */,
				081E0A4C2137464C000B483D /* Info.plist */,
			);
			path = DocumentsUITests;
			sourceTree = "<group>";
		};
/* End PBXGroup section */

/* Begin PBXNativeTarget section */
		081E0A232137464A000B483D /* DocumentsCoreData */ = {
			isa = PBXNativeTarget;
			buildConfigurationList = 081E0A4F2137464C000B483D /* Build configuration list for PBXNativeTarget "DocumentsCoreData" */;
			buildPhases = (
				081E0A202137464A000B483D /* Sources */,
				081E0A212137464A000B483D /* Frameworks */,
				081E0A222137464A000B483D /* Resources */,
			);
			buildRules = (
			);
			dependencies = (
			);
			name = DocumentsCoreData;
			productName = Documents;
			productReference = 081E0A242137464A000B483D /* DocumentsCoreData.app */;
			productType = "com.apple.product-type.application";
		};
		081E0A3A2137464C000B483D /* DocumentsCoreDataTests */ = {
			isa = PBXNativeTarget;
			buildConfigurationList = 081E0A522137464C000B483D /* Build configuration list for PBXNativeTarget "DocumentsCoreDataTests" */;
			buildPhases = (
				081E0A372137464C000B483D /* Sources */,
				081E0A382137464C000B483D /* Frameworks */,
				081E0A392137464C000B483D /* Resources */,
			);
			buildRules = (
			);
			dependencies = (
				081E0A3D2137464C000B483D /* PBXTargetDependency */,
			);
			name = DocumentsCoreDataTests;
			productName = DocumentsTests;
			productReference = 081E0A3B2137464C000B483D /* DocumentsCoreDataTests.xctest */;
			productType = "com.apple.product-type.bundle.unit-test";
		};
		081E0A452137464C000B483D /* DocumentsCoreDataUITests */ = {
			isa = PBXNativeTarget;
			buildConfigurationList = 081E0A552137464C000B483D /* Build configuration list for PBXNativeTarget "DocumentsCoreDataUITests" */;
			buildPhases = (
				081E0A422137464C000B483D /* Sources */,
				081E0A432137464C000B483D /* Frameworks */,
				081E0A442137464C000B483D /* Resources */,
			);
			buildRules = (
			);
			dependencies = (
				081E0A482137464C000B483D /* PBXTargetDependency */,
			);
			name = DocumentsCoreDataUITests;
			productName = DocumentsUITests;
			productReference = 081E0A462137464C000B483D /* DocumentsCoreDataUITests.xctest */;
			productType = "com.apple.product-type.bundle.ui-testing";
		};
/* End PBXNativeTarget section */

/* Begin PBXProject section */
		081E0A1C2137464A000B483D /* Project object */ = {
			isa = PBXProject;
			attributes = {
				LastSwiftUpdateCheck = 0940;
				LastUpgradeCheck = 0940;
				ORGANIZATIONNAME = "Olivia Bishop";
				TargetAttributes = {
					081E0A232137464A000B483D = {
						CreatedOnToolsVersion = 9.4.1;
					};
					081E0A3A2137464C000B483D = {
						CreatedOnToolsVersion = 9.4.1;
						TestTargetID = 081E0A232137464A000B483D;
					};
					081E0A452137464C000B483D = {
						CreatedOnToolsVersion = 9.4.1;
						TestTargetID = 081E0A232137464A000B483D;
					};
				};
			};
			buildConfigurationList = 081E0A1F2137464A000B483D /* Build configuration list for PBXProject "DocumentsCoreData" */;
			compatibilityVersion = "Xcode 9.3";
			developmentRegion = en;
			hasScannedForEncodings = 0;
			knownRegions = (
				en,
				Base,
			);
			mainGroup = 081E0A1B2137464A000B483D;
			productRefGroup = 081E0A252137464A000B483D /* Products */;
			projectDirPath = "";
			projectRoot = "";
			targets = (
				081E0A232137464A000B483D /* DocumentsCoreData */,
				081E0A3A2137464C000B483D /* DocumentsCoreDataTests */,
				081E0A452137464C000B483D /* DocumentsCoreDataUITests */,
			);
		};
/* End PBXProject section */

/* Begin PBXResourcesBuildPhase section */
		081E0A222137464A000B483D /* Resources */ = {
			isa = PBXResourcesBuildPhase;
			buildActionMask = 2147483647;
			files = (
				081E0A352137464C000B483D /* LaunchScreen.storyboard in Resources */,
				081E0A322137464C000B483D /* Assets.xcassets in Resources */,
				081E0A2D2137464B000B483D /* Main.storyboard in Resources */,
			);
			runOnlyForDeploymentPostprocessing = 0;
		};
		081E0A392137464C000B483D /* Resources */ = {
			isa = PBXResourcesBuildPhase;
			buildActionMask = 2147483647;
			files = (
			);
			runOnlyForDeploymentPostprocessing = 0;
		};
		081E0A442137464C000B483D /* Resources */ = {
			isa = PBXResourcesBuildPhase;
			buildActionMask = 2147483647;
			files = (
			);
			runOnlyForDeploymentPostprocessing = 0;
		};
/* End PBXResourcesBuildPhase section */

/* Begin PBXSourcesBuildPhase section */
		081E0A202137464A000B483D /* Sources */ = {
			isa = PBXSourcesBuildPhase;
			buildActionMask = 2147483647;
			files = (
				081E0A5D21374748000B483D /* DocumentsViewController.swift in Sources */,
				081E0A5F21374758000B483D /* SingleDocumentViewController.swift in Sources */,
				081E0A5B213746D8000B483D /* Documents+CoreDataProperties.swift in Sources */,
				081E0A302137464B000B483D /* Documents.xcdatamodeld in Sources */,
				081E0A5A213746D8000B483D /* Documents+CoreDataClass.swift in Sources */,
				081E0A282137464A000B483D /* AppDelegate.swift in Sources */,
			);
			runOnlyForDeploymentPostprocessing = 0;
		};
		081E0A372137464C000B483D /* Sources */ = {
			isa = PBXSourcesBuildPhase;
			buildActionMask = 2147483647;
			files = (
				081E0A402137464C000B483D /* DocumentsTests.swift in Sources */,
			);
			runOnlyForDeploymentPostprocessing = 0;
		};
		081E0A422137464C000B483D /* Sources */ = {
			isa = PBXSourcesBuildPhase;
			buildActionMask = 2147483647;
			files = (
				081E0A4B2137464C000B483D /* DocumentsUITests.swift in Sources */,
			);
			runOnlyForDeploymentPostprocessing = 0;
		};
/* End PBXSourcesBuildPhase section */

/* Begin PBXTargetDependency section */
		081E0A3D2137464C000B483D /* PBXTargetDependency */ = {
			isa = PBXTargetDependency;
			target = 081E0A232137464A000B483D /* DocumentsCoreData */;
			targetProxy = 081E0A3C2137464C000B483D /* PBXContainerItemProxy */;
		};
		081E0A482137464C000B483D /* PBXTargetDependency */ = {
			isa = PBXTargetDependency;
			target = 081E0A232137464A000B483D /* DocumentsCoreData */;
			targetProxy = 081E0A472137464C000B483D /* PBXContainerItemProxy */;
		};
/* End PBXTargetDependency section */

/* Begin PBXVariantGroup section */
		081E0A2B2137464B000B483D /* Main.storyboard */ = {
			isa = PBXVariantGroup;
			children = (
				081E0A2C2137464B000B483D /* Base */,
			);
			name = Main.storyboard;
			sourceTree = "<group>";
		};
		081E0A332137464C000B483D /* LaunchScreen.storyboard */ = {
			isa = PBXVariantGroup;
			children = (
				081E0A342137464C000B483D /* Base */,
			);
			name = LaunchScreen.storyboard;
			sourceTree = "<group>";
		};
/* End PBXVariantGroup section */

/* Begin XCBuildConfiguration section */
		081E0A4D2137464C000B483D /* Debug */ = {
			isa = XCBuildConfiguration;
			buildSettings = {
				ALWAYS_SEARCH_USER_PATHS = NO;
				CLANG_ANALYZER_NONNULL = YES;
				CLANG_ANALYZER_NUMBER_OBJECT_CONVERSION = YES_AGGRESSIVE;
				CLANG_CXX_LANGUAGE_STANDARD = "gnu++14";
				CLANG_CXX_LIBRARY = "libc++";
				CLANG_ENABLE_MODULES = YES;
				CLANG_ENABLE_OBJC_ARC = YES;
				CLANG_ENABLE_OBJC_WEAK = YES;
				CLANG_WARN_BLOCK_CAPTURE_AUTORELEASING = YES;
				CLANG_WARN_BOOL_CONVERSION = YES;
				CLANG_WARN_COMMA = YES;
				CLANG_WARN_CONSTANT_CONVERSION = YES;
				CLANG_WARN_DEPRECATED_OBJC_IMPLEMENTATIONS = YES;
				CLANG_WARN_DIRECT_OBJC_ISA_USAGE = YES_ERROR;
				CLANG_WARN_DOCUMENTATION_COMMENTS = YES;
				CLANG_WARN_EMPTY_BODY = YES;
				CLANG_WARN_ENUM_CONVERSION = YES;
				CLANG_WARN_INFINITE_RECURSION = YES;
				CLANG_WARN_INT_CONVERSION = YES;
				CLANG_WARN_NON_LITERAL_NULL_CONVERSION = YES;
				CLANG_WARN_OBJC_IMPLICIT_RETAIN_SELF = YES;
				CLANG_WARN_OBJC_LITERAL_CONVERSION = YES;
				CLANG_WARN_OBJC_ROOT_CLASS = YES_ERROR;
				CLANG_WARN_RANGE_LOOP_ANALYSIS = YES;
				CLANG_WARN_STRICT_PROTOTYPES = YES;
				CLANG_WARN_SUSPICIOUS_MOVE = YES;
				CLANG_WARN_UNGUARDED_AVAILABILITY = YES_AGGRESSIVE;
				CLANG_WARN_UNREACHABLE_CODE = YES;
				CLANG_WARN__DUPLICATE_METHOD_MATCH = YES;
				CODE_SIGN_IDENTITY = "iPhone Developer";
				COPY_PHASE_STRIP = NO;
				DEBUG_INFORMATION_FORMAT = dwarf;
				ENABLE_STRICT_OBJC_MSGSEND = YES;
				ENABLE_TESTABILITY = YES;
				GCC_C_LANGUAGE_STANDARD = gnu11;
				GCC_DYNAMIC_NO_PIC = NO;
				GCC_NO_COMMON_BLOCKS = YES;
				GCC_OPTIMIZATION_LEVEL = 0;
				GCC_PREPROCESSOR_DEFINITIONS = (
					"DEBUG=1",
					"$(inherited)",
				);
				GCC_WARN_64_TO_32_BIT_CONVERSION = YES;
				GCC_WARN_ABOUT_RETURN_TYPE = YES_ERROR;
				GCC_WARN_UNDECLARED_SELECTOR = YES;
				GCC_WARN_UNINITIALIZED_AUTOS = YES_AGGRESSIVE;
				GCC_WARN_UNUSED_FUNCTION = YES;
				GCC_WARN_UNUSED_VARIABLE = YES;
				IPHONEOS_DEPLOYMENT_TARGET = 11.4;
				MTL_ENABLE_DEBUG_INFO = YES;
				ONLY_ACTIVE_ARCH = YES;
				SDKROOT = iphoneos;
				SWIFT_ACTIVE_COMPILATION_CONDITIONS = DEBUG;
				SWIFT_OPTIMIZATION_LEVEL = "-Onone";
			};
			name = Debug;
		};
		081E0A4E2137464C000B483D /* Release */ = {
			isa = XCBuildConfiguration;
			buildSettings = {
				ALWAYS_SEARCH_USER_PATHS = NO;
				CLANG_ANALYZER_NONNULL = YES;
				CLANG_ANALYZER_NUMBER_OBJECT_CONVERSION = YES_AGGRESSIVE;
				CLANG_CXX_LANGUAGE_STANDARD = "gnu++14";
				CLANG_CXX_LIBRARY = "libc++";
				CLANG_ENABLE_MODULES = YES;
				CLANG_ENABLE_OBJC_ARC = YES;
				CLANG_ENABLE_OBJC_WEAK = YES;
				CLANG_WARN_BLOCK_CAPTURE_AUTORELEASING = YES;
				CLANG_WARN_BOOL_CONVERSION = YES;
				CLANG_WARN_COMMA = YES;
				CLANG_WARN_CONSTANT_CONVERSION = YES;
				CLANG_WARN_DEPRECATED_OBJC_IMPLEMENTATIONS = YES;
				CLANG_WARN_DIRECT_OBJC_ISA_USAGE = YES_ERROR;
				CLANG_WARN_DOCUMENTATION_COMMENTS = YES;
				CLANG_WARN_EMPTY_BODY = YES;
				CLANG_WARN_ENUM_CONVERSION = YES;
				CLANG_WARN_INFINITE_RECURSION = YES;
				CLANG_WARN_INT_CONVERSION = YES;
				CLANG_WARN_NON_LITERAL_NULL_CONVERSION = YES;
				CLANG_WARN_OBJC_IMPLICIT_RETAIN_SELF = YES;
				CLANG_WARN_OBJC_LITERAL_CONVERSION = YES;
				CLANG_WARN_OBJC_ROOT_CLASS = YES_ERROR;
				CLANG_WARN_RANGE_LOOP_ANALYSIS = YES;
				CLANG_WARN_STRICT_PROTOTYPES = YES;
				CLANG_WARN_SUSPICIOUS_MOVE = YES;
				CLANG_WARN_UNGUARDED_AVAILABILITY = YES_AGGRESSIVE;
				CLANG_WARN_UNREACHABLE_CODE = YES;
				CLANG_WARN__DUPLICATE_METHOD_MATCH = YES;
				CODE_SIGN_IDENTITY = "iPhone Developer";
				COPY_PHASE_STRIP = NO;
				DEBUG_INFORMATION_FORMAT = "dwarf-with-dsym";
				ENABLE_NS_ASSERTIONS = NO;
				ENABLE_STRICT_OBJC_MSGSEND = YES;
				GCC_C_LANGUAGE_STANDARD = gnu11;
				GCC_NO_COMMON_BLOCKS = YES;
				GCC_WARN_64_TO_32_BIT_CONVERSION = YES;
				GCC_WARN_ABOUT_RETURN_TYPE = YES_ERROR;
				GCC_WARN_UNDECLARED_SELECTOR = YES;
				GCC_WARN_UNINITIALIZED_AUTOS = YES_AGGRESSIVE;
				GCC_WARN_UNUSED_FUNCTION = YES;
				GCC_WARN_UNUSED_VARIABLE = YES;
				IPHONEOS_DEPLOYMENT_TARGET = 11.4;
				MTL_ENABLE_DEBUG_INFO = NO;
				SDKROOT = iphoneos;
				SWIFT_COMPILATION_MODE = wholemodule;
				SWIFT_OPTIMIZATION_LEVEL = "-O";
				VALIDATE_PRODUCT = YES;
			};
			name = Release;
		};
		081E0A502137464C000B483D /* Debug */ = {
			isa = XCBuildConfiguration;
			buildSettings = {
				ASSETCATALOG_COMPILER_APPICON_NAME = AppIcon;
				CODE_SIGN_STYLE = Automatic;
				INFOPLIST_FILE = DocumentsCoreData/Info.plist;
				LD_RUNPATH_SEARCH_PATHS = (
					"$(inherited)",
					"@executable_path/Frameworks",
				);
				PRODUCT_BUNDLE_IDENTIFIER = online.oliviabishop.DocumentsCoreData;
				PRODUCT_NAME = "$(TARGET_NAME)";
				SWIFT_VERSION = 4.0;
				TARGETED_DEVICE_FAMILY = "1,2";
			};
			name = Debug;
		};
		081E0A512137464C000B483D /* Release */ = {
			isa = XCBuildConfiguration;
			buildSettings = {
				ASSETCATALOG_COMPILER_APPICON_NAME = AppIcon;
				CODE_SIGN_STYLE = Automatic;
				INFOPLIST_FILE = DocumentsCoreData/Info.plist;
				LD_RUNPATH_SEARCH_PATHS = (
					"$(inherited)",
					"@executable_path/Frameworks",
				);
				PRODUCT_BUNDLE_IDENTIFIER = online.oliviabishop.DocumentsCoreData;
				PRODUCT_NAME = "$(TARGET_NAME)";
				SWIFT_VERSION = 4.0;
				TARGETED_DEVICE_FAMILY = "1,2";
			};
			name = Release;
		};
		081E0A532137464C000B483D /* Debug */ = {
			isa = XCBuildConfiguration;
			buildSettings = {
				ALWAYS_EMBED_SWIFT_STANDARD_LIBRARIES = YES;
				BUNDLE_LOADER = "$(TEST_HOST)";
				CODE_SIGN_STYLE = Automatic;
				INFOPLIST_FILE = DocumentsTests/Info.plist;
				LD_RUNPATH_SEARCH_PATHS = (
					"$(inherited)",
					"@executable_path/Frameworks",
					"@loader_path/Frameworks",
				);
				PRODUCT_BUNDLE_IDENTIFIER = online.oliviabishop.DocumentsTests;
				PRODUCT_NAME = "$(TARGET_NAME)";
				SWIFT_VERSION = 4.0;
				TARGETED_DEVICE_FAMILY = "1,2";
				TEST_HOST = "$(BUILT_PRODUCTS_DIR)/DocumentsCoreData.temp_caseinsensitive_rename.app/DocumentsCoreData.temp_caseinsensitive_rename";
			};
			name = Debug;
		};
		081E0A542137464C000B483D /* Release */ = {
			isa = XCBuildConfiguration;
			buildSettings = {
				ALWAYS_EMBED_SWIFT_STANDARD_LIBRARIES = YES;
				BUNDLE_LOADER = "$(TEST_HOST)";
				CODE_SIGN_STYLE = Automatic;
				INFOPLIST_FILE = DocumentsTests/Info.plist;
				LD_RUNPATH_SEARCH_PATHS = (
					"$(inherited)",
					"@executable_path/Frameworks",
					"@loader_path/Frameworks",
				);
				PRODUCT_BUNDLE_IDENTIFIER = online.oliviabishop.DocumentsTests;
				PRODUCT_NAME = "$(TARGET_NAME)";
				SWIFT_VERSION = 4.0;
				TARGETED_DEVICE_FAMILY = "1,2";
				TEST_HOST = "$(BUILT_PRODUCTS_DIR)/DocumentsCoreData.temp_caseinsensitive_rename.app/DocumentsCoreData.temp_caseinsensitive_rename";
			};
			name = Release;
		};
		081E0A562137464C000B483D /* Debug */ = {
			isa = XCBuildConfiguration;
			buildSettings = {
				ALWAYS_EMBED_SWIFT_STANDARD_LIBRARIES = YES;
				CODE_SIGN_STYLE = Automatic;
				INFOPLIST_FILE = DocumentsUITests/Info.plist;
				LD_RUNPATH_SEARCH_PATHS = (
					"$(inherited)",
					"@executable_path/Frameworks",
					"@loader_path/Frameworks",
				);
				PRODUCT_BUNDLE_IDENTIFIER = online.oliviabishop.DocumentsUITests;
				PRODUCT_NAME = "$(TARGET_NAME)";
				SWIFT_VERSION = 4.0;
				TARGETED_DEVICE_FAMILY = "1,2";
				TEST_TARGET_NAME = Documents;
			};
			name = Debug;
		};
		081E0A572137464C000B483D /* Release */ = {
			isa = XCBuildConfiguration;
			buildSettings = {
				ALWAYS_EMBED_SWIFT_STANDARD_LIBRARIES = YES;
				CODE_SIGN_STYLE = Automatic;
				INFOPLIST_FILE = DocumentsUITests/Info.plist;
				LD_RUNPATH_SEARCH_PATHS = (
					"$(inherited)",
					"@executable_path/Frameworks",
					"@loader_path/Frameworks",
				);
				PRODUCT_BUNDLE_IDENTIFIER = online.oliviabishop.DocumentsUITests;
				PRODUCT_NAME = "$(TARGET_NAME)";
				SWIFT_VERSION = 4.0;
				TARGETED_DEVICE_FAMILY = "1,2";
				TEST_TARGET_NAME = Documents;
			};
			name = Release;
		};
/* End XCBuildConfiguration section */

/* Begin XCConfigurationList section */
		081E0A1F2137464A000B483D /* Build configuration list for PBXProject "DocumentsCoreData" */ = {
			isa = XCConfigurationList;
			buildConfigurations = (
				081E0A4D2137464C000B483D /* Debug */,
				081E0A4E2137464C000B483D /* Release */,
			);
			defaultConfigurationIsVisible = 0;
			defaultConfigurationName = Release;
		};
		081E0A4F2137464C000B483D /* Build configuration list for PBXNativeTarget "DocumentsCoreData" */ = {
			isa = XCConfigurationList;
			buildConfigurations = (
				081E0A502137464C000B483D /* Debug */,
				081E0A512137464C000B483D /* Release */,
			);
			defaultConfigurationIsVisible = 0;
			defaultConfigurationName = Release;
		};
		081E0A522137464C000B483D /* Build configuration list for PBXNativeTarget "DocumentsCoreDataTests" */ = {
			isa = XCConfigurationList;
			buildConfigurations = (
				081E0A532137464C000B483D /* Debug */,
				081E0A542137464C000B483D /* Release */,
			);
			defaultConfigurationIsVisible = 0;
			defaultConfigurationName = Release;
		};
		081E0A552137464C000B483D /* Build configuration list for PBXNativeTarget "DocumentsCoreDataUITests" */ = {
			isa = XCConfigurationList;
			buildConfigurations = (
				081E0A562137464C000B483D /* Debug */,
				081E0A572137464C000B483D /* Release */,
			);
			defaultConfigurationIsVisible = 0;
			defaultConfigurationName = Release;
		};
/* End XCConfigurationList section */

/* Begin XCVersionGroup section */
		081E0A2E2137464B000B483D /* Documents.xcdatamodeld */ = {
			isa = XCVersionGroup;
			children = (
				081E0A2F2137464B000B483D /* Documents.xcdatamodel */,
			);
			currentVersion = 081E0A2F2137464B000B483D /* Documents.xcdatamodel */;
			path = Documents.xcdatamodeld;
			sourceTree = "<group>";
			versionGroupType = wrapper.xcdatamodel;
		};
/* End XCVersionGroup section */
	};
	rootObject = 081E0A1C2137464A000B483D /* Project object */;
}
